// !$*UTF8*$!
{
	archiveVersion = 1;
	classes = {
	};
	objectVersion = 55;
	objects = {

/* Begin PBXBuildFile section */
		77B532892783D49E0037AACE /* AppDelegate.swift in Sources */ = {isa = PBXBuildFile; fileRef = 77B532882783D49E0037AACE /* AppDelegate.swift */; };
		77B5328B2783D49E0037AACE /* SceneDelegate.swift in Sources */ = {isa = PBXBuildFile; fileRef = 77B5328A2783D49E0037AACE /* SceneDelegate.swift */; };
		77B5328D2783D49E0037AACE /* ViewController.swift in Sources */ = {isa = PBXBuildFile; fileRef = 77B5328C2783D49E0037AACE /* ViewController.swift */; };
		77B532902783D49E0037AACE /* Main.storyboard in Resources */ = {isa = PBXBuildFile; fileRef = 77B5328E2783D49E0037AACE /* Main.storyboard */; };
		77B532922783D49F0037AACE /* Assets.xcassets in Resources */ = {isa = PBXBuildFile; fileRef = 77B532912783D49F0037AACE /* Assets.xcassets */; };
		77B532952783D49F0037AACE /* LaunchScreen.storyboard in Resources */ = {isa = PBXBuildFile; fileRef = 77B532932783D49F0037AACE /* LaunchScreen.storyboard */; };
		77B5329E2783DB300037AACE /* RxBlocking in Frameworks */ = {isa = PBXBuildFile; productRef = 77B5329D2783DB300037AACE /* RxBlocking */; };
		77B532A02783DB300037AACE /* RxCocoa in Frameworks */ = {isa = PBXBuildFile; productRef = 77B5329F2783DB300037AACE /* RxCocoa */; };
		77B532A22783DB300037AACE /* RxRelay in Frameworks */ = {isa = PBXBuildFile; productRef = 77B532A12783DB300037AACE /* RxRelay */; };
		77B532A42783DB300037AACE /* RxSwift in Frameworks */ = {isa = PBXBuildFile; productRef = 77B532A32783DB300037AACE /* RxSwift */; };
		77FBCF3927866F7B00D75E1A /* RepositoryViewController.swift in Sources */ = {isa = PBXBuildFile; fileRef = 77FBCF3827866F7B00D75E1A /* RepositoryViewController.swift */; };
		77FBCF3B2786709300D75E1A /* RepositoryCell.swift in Sources */ = {isa = PBXBuildFile; fileRef = 77FBCF3A2786709300D75E1A /* RepositoryCell.swift */; };
		77FBCF3E278671E400D75E1A /* SnapKit in Frameworks */ = {isa = PBXBuildFile; productRef = 77FBCF3D278671E400D75E1A /* SnapKit */; };
		77FBCF402786750300D75E1A /* Repository.swift in Sources */ = {isa = PBXBuildFile; fileRef = 77FBCF3F2786750300D75E1A /* Repository.swift */; };
/* End PBXBuildFile section */

/* Begin PBXFileReference section */
		77B532852783D49E0037AACE /* GitHubRepositoryApp.app */ = {isa = PBXFileReference; explicitFileType = wrapper.application; includeInIndex = 0; path = GitHubRepositoryApp.app; sourceTree = BUILT_PRODUCTS_DIR; };
		77B532882783D49E0037AACE /* AppDelegate.swift */ = {isa = PBXFileReference; lastKnownFileType = sourcecode.swift; path = AppDelegate.swift; sourceTree = "<group>"; };
		77B5328A2783D49E0037AACE /* SceneDelegate.swift */ = {isa = PBXFileReference; lastKnownFileType = sourcecode.swift; path = SceneDelegate.swift; sourceTree = "<group>"; };
		77B5328C2783D49E0037AACE /* ViewController.swift */ = {isa = PBXFileReference; lastKnownFileType = sourcecode.swift; path = ViewController.swift; sourceTree = "<group>"; };
		77B5328F2783D49E0037AACE /* Base */ = {isa = PBXFileReference; lastKnownFileType = file.storyboard; name = Base; path = Base.lproj/Main.storyboard; sourceTree = "<group>"; };
		77B532912783D49F0037AACE /* Assets.xcassets */ = {isa = PBXFileReference; lastKnownFileType = folder.assetcatalog; path = Assets.xcassets; sourceTree = "<group>"; };
		77B532942783D49F0037AACE /* Base */ = {isa = PBXFileReference; lastKnownFileType = file.storyboard; name = Base; path = Base.lproj/LaunchScreen.storyboard; sourceTree = "<group>"; };
		77B532962783D49F0037AACE /* Info.plist */ = {isa = PBXFileReference; lastKnownFileType = text.plist.xml; path = Info.plist; sourceTree = "<group>"; };
		77FBCF3827866F7B00D75E1A /* RepositoryViewController.swift */ = {isa = PBXFileReference; lastKnownFileType = sourcecode.swift; path = RepositoryViewController.swift; sourceTree = "<group>"; };
		77FBCF3A2786709300D75E1A /* RepositoryCell.swift */ = {isa = PBXFileReference; lastKnownFileType = sourcecode.swift; path = RepositoryCell.swift; sourceTree = "<group>"; };
		77FBCF3F2786750300D75E1A /* Repository.swift */ = {isa = PBXFileReference; lastKnownFileType = sourcecode.swift; path = Repository.swift; sourceTree = "<group>"; };
/* End PBXFileReference section */

/* Begin PBXFrameworksBuildPhase section */
		77B532822783D49E0037AACE /* Frameworks */ = {
			isa = PBXFrameworksBuildPhase;
			buildActionMask = 2147483647;
			files = (
				77B532A22783DB300037AACE /* RxRelay in Frameworks */,
				77B532A02783DB300037AACE /* RxCocoa in Frameworks */,
				77B532A42783DB300037AACE /* RxSwift in Frameworks */,
				77B5329E2783DB300037AACE /* RxBlocking in Frameworks */,
				77FBCF3E278671E400D75E1A /* SnapKit in Frameworks */,
			);
			runOnlyForDeploymentPostprocessing = 0;
		};
/* End PBXFrameworksBuildPhase section */

/* Begin PBXGroup section */
		77B5327C2783D49E0037AACE = {
			isa = PBXGroup;
			children = (
				77B532872783D49E0037AACE /* GitHubRepositoryApp */,
				77B532862783D49E0037AACE /* Products */,
			);
			sourceTree = "<group>";
		};
		77B532862783D49E0037AACE /* Products */ = {
			isa = PBXGroup;
			children = (
				77B532852783D49E0037AACE /* GitHubRepositoryApp.app */,
			);
			name = Products;
			sourceTree = "<group>";
		};
		77B532872783D49E0037AACE /* GitHubRepositoryApp */ = {
			isa = PBXGroup;
			children = (
				77B532882783D49E0037AACE /* AppDelegate.swift */,
				77B5328A2783D49E0037AACE /* SceneDelegate.swift */,
				77FBCF3F2786750300D75E1A /* Repository.swift */,
				77FBCF3A2786709300D75E1A /* RepositoryCell.swift */,
				77FBCF3827866F7B00D75E1A /* RepositoryViewController.swift */,
				77B5328C2783D49E0037AACE /* ViewController.swift */,
				77B5328E2783D49E0037AACE /* Main.storyboard */,
				77B532912783D49F0037AACE /* Assets.xcassets */,
				77B532932783D49F0037AACE /* LaunchScreen.storyboard */,
				77B532962783D49F0037AACE /* Info.plist */,
			);
			path = GitHubRepositoryApp;
			sourceTree = "<group>";
		};
/* End PBXGroup section */

/* Begin PBXNativeTarget section */
		77B532842783D49E0037AACE /* GitHubRepositoryApp */ = {
			isa = PBXNativeTarget;
			buildConfigurationList = 77B532992783D49F0037AACE /* Build configuration list for PBXNativeTarget "GitHubRepositoryApp" */;
			buildPhases = (
				77B532812783D49E0037AACE /* Sources */,
				77B532822783D49E0037AACE /* Frameworks */,
				77B532832783D49E0037AACE /* Resources */,
			);
			buildRules = (
			);
			dependencies = (
			);
			name = GitHubRepositoryApp;
			packageProductDependencies = (
				77B5329D2783DB300037AACE /* RxBlocking */,
				77B5329F2783DB300037AACE /* RxCocoa */,
				77B532A12783DB300037AACE /* RxRelay */,
				77B532A32783DB300037AACE /* RxSwift */,
				77FBCF3D278671E400D75E1A /* SnapKit */,
			);
			productName = GitHubRepositoryApp;
			productReference = 77B532852783D49E0037AACE /* GitHubRepositoryApp.app */;
			productType = "com.apple.product-type.application";
		};
/* End PBXNativeTarget section */

/* Begin PBXProject section */
		77B5327D2783D49E0037AACE /* Project object */ = {
			isa = PBXProject;
			attributes = {
				BuildIndependentTargetsInParallel = 1;
				LastSwiftUpdateCheck = 1310;
				LastUpgradeCheck = 1310;
				TargetAttributes = {
					77B532842783D49E0037AACE = {
						CreatedOnToolsVersion = 13.1;
					};
				};
			};
			buildConfigurationList = 77B532802783D49E0037AACE /* Build configuration list for PBXProject "GitHubRepositoryApp" */;
			compatibilityVersion = "Xcode 13.0";
			developmentRegion = en;
			hasScannedForEncodings = 0;
			knownRegions = (
				en,
				Base,
			);
			mainGroup = 77B5327C2783D49E0037AACE;
			packageReferences = (
				77B5329C2783DB300037AACE /* XCRemoteSwiftPackageReference "RxSwift" */,
				77FBCF3C278671E400D75E1A /* XCRemoteSwiftPackageReference "SnapKit" */,
			);
			productRefGroup = 77B532862783D49E0037AACE /* Products */;
			projectDirPath = "";
			projectRoot = "";
			targets = (
				77B532842783D49E0037AACE /* GitHubRepositoryApp */,
			);
		};
/* End PBXProject section */

/* Begin PBXResourcesBuildPhase section */
		77B532832783D49E0037AACE /* Resources */ = {
			isa = PBXResourcesBuildPhase;
			buildActionMask = 2147483647;
			files = (
				77B532952783D49F0037AACE /* LaunchScreen.storyboard in Resources */,
				77B532922783D49F0037AACE /* Assets.xcassets in Resources */,
				77B532902783D49E0037AACE /* Main.storyboard in Resources */,
			);
			runOnlyForDeploymentPostprocessing = 0;
		};
/* End PBXResourcesBuildPhase section */

/* Begin PBXSourcesBuildPhase section */
		77B532812783D49E0037AACE /* Sources */ = {
			isa = PBXSourcesBuildPhase;
			buildActionMask = 2147483647;
			files = (
				77FBCF3B2786709300D75E1A /* RepositoryCell.swift in Sources */,
				77FBCF3927866F7B00D75E1A /* RepositoryViewController.swift in Sources */,
				77B5328D2783D49E0037AACE /* ViewController.swift in Sources */,
				77B532892783D49E0037AACE /* AppDelegate.swift in Sources */,
				77B5328B2783D49E0037AACE /* SceneDelegate.swift in Sources */,
				77FBCF402786750300D75E1A /* Repository.swift in Sources */,
			);
			runOnlyForDeploymentPostprocessing = 0;
		};
/* End PBXSourcesBuildPhase section */

/* Begin PBXVariantGroup section */
		77B5328E2783D49E0037AACE /* Main.storyboard */ = {
			isa = PBXVariantGroup;
			children = (
				77B5328F2783D49E0037AACE /* Base */,
			);
			name = Main.storyboard;
			sourceTree = "<group>";
		};
		77B532932783D49F0037AACE /* LaunchScreen.storyboard */ = {
			isa = PBXVariantGroup;
			children = (
				77B532942783D49F0037AACE /* Base */,
			);
			name = LaunchScreen.storyboard;
			sourceTree = "<group>";
		};
/* End PBXVariantGroup section */

/* Begin XCBuildConfiguration section */
		77B532972783D49F0037AACE /* Debug */ = {
			isa = XCBuildConfiguration;
			buildSettings = {
				ALWAYS_SEARCH_USER_PATHS = NO;
				CLANG_ANALYZER_NONNULL = YES;
				CLANG_ANALYZER_NUMBER_OBJECT_CONVERSION = YES_AGGRESSIVE;
				CLANG_CXX_LANGUAGE_STANDARD = "gnu++17";
				CLANG_CXX_LIBRARY = "libc++";
				CLANG_ENABLE_MODULES = YES;
				CLANG_ENABLE_OBJC_ARC = YES;
				CLANG_ENABLE_OBJC_WEAK = YES;
				CLANG_WARN_BLOCK_CAPTURE_AUTORELEASING = YES;
				CLANG_WARN_BOOL_CONVERSION = YES;
				CLANG_WARN_COMMA = YES;
				CLANG_WARN_CONSTANT_CONVERSION = YES;
				CLANG_WARN_DEPRECATED_OBJC_IMPLEMENTATIONS = YES;
				CLANG_WARN_DIRECT_OBJC_ISA_USAGE = YES_ERROR;
				CLANG_WARN_DOCUMENTATION_COMMENTS = YES;
				CLANG_WARN_EMPTY_BODY = YES;
				CLANG_WARN_ENUM_CONVERSION = YES;
				CLANG_WARN_INFINITE_RECURSION = YES;
				CLANG_WARN_INT_CONVERSION = YES;
				CLANG_WARN_NON_LITERAL_NULL_CONVERSION = YES;
				CLANG_WARN_OBJC_IMPLICIT_RETAIN_SELF = YES;
				CLANG_WARN_OBJC_LITERAL_CONVERSION = YES;
				CLANG_WARN_OBJC_ROOT_CLASS = YES_ERROR;
				CLANG_WARN_QUOTED_INCLUDE_IN_FRAMEWORK_HEADER = YES;
				CLANG_WARN_RANGE_LOOP_ANALYSIS = YES;
				CLANG_WARN_STRICT_PROTOTYPES = YES;
				CLANG_WARN_SUSPICIOUS_MOVE = YES;
				CLANG_WARN_UNGUARDED_AVAILABILITY = YES_AGGRESSIVE;
				CLANG_WARN_UNREACHABLE_CODE = YES;
				CLANG_WARN__DUPLICATE_METHOD_MATCH = YES;
				COPY_PHASE_STRIP = NO;
				DEBUG_INFORMATION_FORMAT = dwarf;
				ENABLE_STRICT_OBJC_MSGSEND = YES;
				ENABLE_TESTABILITY = YES;
				GCC_C_LANGUAGE_STANDARD = gnu11;
				GCC_DYNAMIC_NO_PIC = NO;
				GCC_NO_COMMON_BLOCKS = YES;
				GCC_OPTIMIZATION_LEVEL = 0;
				GCC_PREPROCESSOR_DEFINITIONS = (
					"DEBUG=1",
					"$(inherited)",
				);
				GCC_WARN_64_TO_32_BIT_CONVERSION = YES;
				GCC_WARN_ABOUT_RETURN_TYPE = YES_ERROR;
				GCC_WARN_UNDECLARED_SELECTOR = YES;
				GCC_WARN_UNINITIALIZED_AUTOS = YES_AGGRESSIVE;
				GCC_WARN_UNUSED_FUNCTION = YES;
				GCC_WARN_UNUSED_VARIABLE = YES;
				IPHONEOS_DEPLOYMENT_TARGET = 15.0;
				MTL_ENABLE_DEBUG_INFO = INCLUDE_SOURCE;
				MTL_FAST_MATH = YES;
				ONLY_ACTIVE_ARCH = YES;
				SDKROOT = iphoneos;
				SWIFT_ACTIVE_COMPILATION_CONDITIONS = DEBUG;
				SWIFT_OPTIMIZATION_LEVEL = "-Onone";
			};
			name = Debug;
		};
		77B532982783D49F0037AACE /* Release */ = {
			isa = XCBuildConfiguration;
			buildSettings = {
				ALWAYS_SEARCH_USER_PATHS = NO;
				CLANG_ANALYZER_NONNULL = YES;
				CLANG_ANALYZER_NUMBER_OBJECT_CONVERSION = YES_AGGRESSIVE;
				CLANG_CXX_LANGUAGE_STANDARD = "gnu++17";
				CLANG_CXX_LIBRARY = "libc++";
				CLANG_ENABLE_MODULES = YES;
				CLANG_ENABLE_OBJC_ARC = YES;
				CLANG_ENABLE_OBJC_WEAK = YES;
				CLANG_WARN_BLOCK_CAPTURE_AUTORELEASING = YES;
				CLANG_WARN_BOOL_CONVERSION = YES;
				CLANG_WARN_COMMA = YES;
				CLANG_WARN_CONSTANT_CONVERSION = YES;
				CLANG_WARN_DEPRECATED_OBJC_IMPLEMENTATIONS = YES;
				CLANG_WARN_DIRECT_OBJC_ISA_USAGE = YES_ERROR;
				CLANG_WARN_DOCUMENTATION_COMMENTS = YES;
				CLANG_WARN_EMPTY_BODY = YES;
				CLANG_WARN_ENUM_CONVERSION = YES;
				CLANG_WARN_INFINITE_RECURSION = YES;
				CLANG_WARN_INT_CONVERSION = YES;
				CLANG_WARN_NON_LITERAL_NULL_CONVERSION = YES;
				CLANG_WARN_OBJC_IMPLICIT_RETAIN_SELF = YES;
				CLANG_WARN_OBJC_LITERAL_CONVERSION = YES;
				CLANG_WARN_OBJC_ROOT_CLASS = YES_ERROR;
				CLANG_WARN_QUOTED_INCLUDE_IN_FRAMEWORK_HEADER = YES;
				CLANG_WARN_RANGE_LOOP_ANALYSIS = YES;
				CLANG_WARN_STRICT_PROTOTYPES = YES;
				CLANG_WARN_SUSPICIOUS_MOVE = YES;
				CLANG_WARN_UNGUARDED_AVAILABILITY = YES_AGGRESSIVE;
				CLANG_WARN_UNREACHABLE_CODE = YES;
				CLANG_WARN__DUPLICATE_METHOD_MATCH = YES;
				COPY_PHASE_STRIP = NO;
				DEBUG_INFORMATION_FORMAT = "dwarf-with-dsym";
				ENABLE_NS_ASSERTIONS = NO;
				ENABLE_STRICT_OBJC_MSGSEND = YES;
				GCC_C_LANGUAGE_STANDARD = gnu11;
				GCC_NO_COMMON_BLOCKS = YES;
				GCC_WARN_64_TO_32_BIT_CONVERSION = YES;
				GCC_WARN_ABOUT_RETURN_TYPE = YES_ERROR;
				GCC_WARN_UNDECLARED_SELECTOR = YES;
				GCC_WARN_UNINITIALIZED_AUTOS = YES_AGGRESSIVE;
				GCC_WARN_UNUSED_FUNCTION = YES;
				GCC_WARN_UNUSED_VARIABLE = YES;
				IPHONEOS_DEPLOYMENT_TARGET = 15.0;
				MTL_ENABLE_DEBUG_INFO = NO;
				MTL_FAST_MATH = YES;
				SDKROOT = iphoneos;
				SWIFT_COMPILATION_MODE = wholemodule;
				SWIFT_OPTIMIZATION_LEVEL = "-O";
				VALIDATE_PRODUCT = YES;
			};
			name = Release;
		};
		77B5329A2783D49F0037AACE /* Debug */ = {
			isa = XCBuildConfiguration;
			buildSettings = {
				ASSETCATALOG_COMPILER_APPICON_NAME = AppIcon;
				ASSETCATALOG_COMPILER_GLOBAL_ACCENT_COLOR_NAME = AccentColor;
				CODE_SIGN_STYLE = Automatic;
				CURRENT_PROJECT_VERSION = 1;
				DEVELOPMENT_TEAM = D2ND47724Q;
				GENERATE_INFOPLIST_FILE = YES;
				INFOPLIST_FILE = GitHubRepositoryApp/Info.plist;
				INFOPLIST_KEY_UIApplicationSupportsIndirectInputEvents = YES;
				INFOPLIST_KEY_UILaunchStoryboardName = LaunchScreen;
				INFOPLIST_KEY_UIMainStoryboardFile = Main;
				INFOPLIST_KEY_UISupportedInterfaceOrientations_iPad = "UIInterfaceOrientationPortrait UIInterfaceOrientationPortraitUpsideDown UIInterfaceOrientationLandscapeLeft UIInterfaceOrientationLandscapeRight";
				INFOPLIST_KEY_UISupportedInterfaceOrientations_iPhone = "UIInterfaceOrientationPortrait UIInterfaceOrientationLandscapeLeft UIInterfaceOrientationLandscapeRight";
				LD_RUNPATH_SEARCH_PATHS = (
					"$(inherited)",
					"@executable_path/Frameworks",
				);
				MARKETING_VERSION = 1.0;
				PRODUCT_BUNDLE_IDENTIFIER = hj.GitHubRepositoryApp;
				PRODUCT_NAME = "$(TARGET_NAME)";
				SWIFT_EMIT_LOC_STRINGS = YES;
				SWIFT_VERSION = 5.0;
				TARGETED_DEVICE_FAMILY = "1,2";
			};
			name = Debug;
		};
		77B5329B2783D49F0037AACE /* Release */ = {
			isa = XCBuildConfiguration;
			buildSettings = {
				ASSETCATALOG_COMPILER_APPICON_NAME = AppIcon;
				ASSETCATALOG_COMPILER_GLOBAL_ACCENT_COLOR_NAME = AccentColor;
				CODE_SIGN_STYLE = Automatic;
				CURRENT_PROJECT_VERSION = 1;
				DEVELOPMENT_TEAM = D2ND47724Q;
				GENERATE_INFOPLIST_FILE = YES;
				INFOPLIST_FILE = GitHubRepositoryApp/Info.plist;
				INFOPLIST_KEY_UIApplicationSupportsIndirectInputEvents = YES;
				INFOPLIST_KEY_UILaunchStoryboardName = LaunchScreen;
				INFOPLIST_KEY_UIMainStoryboardFile = Main;
				INFOPLIST_KEY_UISupportedInterfaceOrientations_iPad = "UIInterfaceOrientationPortrait UIInterfaceOrientationPortraitUpsideDown UIInterfaceOrientationLandscapeLeft UIInterfaceOrientationLandscapeRight";
				INFOPLIST_KEY_UISupportedInterfaceOrientations_iPhone = "UIInterfaceOrientationPortrait UIInterfaceOrientationLandscapeLeft UIInterfaceOrientationLandscapeRight";
				LD_RUNPATH_SEARCH_PATHS = (
					"$(inherited)",
					"@executable_path/Frameworks",
				);
				MARKETING_VERSION = 1.0;
				PRODUCT_BUNDLE_IDENTIFIER = hj.GitHubRepositoryApp;
				PRODUCT_NAME = "$(TARGET_NAME)";
				SWIFT_EMIT_LOC_STRINGS = YES;
				SWIFT_VERSION = 5.0;
				TARGETED_DEVICE_FAMILY = "1,2";
			};
			name = Release;
		};
/* End XCBuildConfiguration section */

/* Begin XCConfigurationList section */
		77B532802783D49E0037AACE /* Build configuration list for PBXProject "GitHubRepositoryApp" */ = {
			isa = XCConfigurationList;
			buildConfigurations = (
				77B532972783D49F0037AACE /* Debug */,
				77B532982783D49F0037AACE /* Release */,
			);
			defaultConfigurationIsVisible = 0;
			defaultConfigurationName = Release;
		};
		77B532992783D49F0037AACE /* Build configuration list for PBXNativeTarget "GitHubRepositoryApp" */ = {
			isa = XCConfigurationList;
			buildConfigurations = (
				77B5329A2783D49F0037AACE /* Debug */,
				77B5329B2783D49F0037AACE /* Release */,
			);
			defaultConfigurationIsVisible = 0;
			defaultConfigurationName = Release;
		};
/* End XCConfigurationList section */

/* Begin XCRemoteSwiftPackageReference section */
		77B5329C2783DB300037AACE /* XCRemoteSwiftPackageReference "RxSwift" */ = {
			isa = XCRemoteSwiftPackageReference;
			repositoryURL = "https://github.com/ReactiveX/RxSwift.git";
			requirement = {
				kind = upToNextMajorVersion;
				minimumVersion = 6.0.0;
			};
		};
		77FBCF3C278671E400D75E1A /* XCRemoteSwiftPackageReference "SnapKit" */ = {
			isa = XCRemoteSwiftPackageReference;
			repositoryURL = "https://github.com/SnapKit/SnapKit.git";
			requirement = {
				kind = upToNextMajorVersion;
				minimumVersion = 5.0.0;
			};
		};
/* End XCRemoteSwiftPackageReference section */

/* Begin XCSwiftPackageProductDependency section */
		77B5329D2783DB300037AACE /* RxBlocking */ = {
			isa = XCSwiftPackageProductDependency;
			package = 77B5329C2783DB300037AACE /* XCRemoteSwiftPackageReference "RxSwift" */;
			productName = RxBlocking;
		};
		77B5329F2783DB300037AACE /* RxCocoa */ = {
			isa = XCSwiftPackageProductDependency;
			package = 77B5329C2783DB300037AACE /* XCRemoteSwiftPackageReference "RxSwift" */;
			productName = RxCocoa;
		};
		77B532A12783DB300037AACE /* RxRelay */ = {
			isa = XCSwiftPackageProductDependency;
			package = 77B5329C2783DB300037AACE /* XCRemoteSwiftPackageReference "RxSwift" */;
			productName = RxRelay;
		};
		77B532A32783DB300037AACE /* RxSwift */ = {
			isa = XCSwiftPackageProductDependency;
			package = 77B5329C2783DB300037AACE /* XCRemoteSwiftPackageReference "RxSwift" */;
			productName = RxSwift;
		};
		77FBCF3D278671E400D75E1A /* SnapKit */ = {
			isa = XCSwiftPackageProductDependency;
			package = 77FBCF3C278671E400D75E1A /* XCRemoteSwiftPackageReference "SnapKit" */;
			productName = SnapKit;
		};
/* End XCSwiftPackageProductDependency section */
	};
	rootObject = 77B5327D2783D49E0037AACE /* Project object */;
}
